
Microsoft Visual Studio Solution File, Format Version 12.00
# Visual Studio 15
VisualStudioVersion = 15.0.27703.2035
MinimumVisualStudioVersion = 10.0.40219.1
Project("{FAE04EC0-301F-11D3-BF4B-00C04F79EFBC}") = "UdpFileServer", "Udp\UdpFileServer.csproj", "{15817507-4AA9-47EF-A298-9FF56537001E}"
EndProject
Project("{FAE04EC0-301F-11D3-BF4B-00C04F79EFBC}") = "UdpFileClient", "UdpFileClient\UdpFileClient.csproj", "{EBC3DA96-E155-4D42-8B2B-45AC3CB157EA}"
EndProject
Global
	GlobalSection(SolutionConfigurationPlatforms) = preSolution
		Debug|Any CPU = Debug|Any CPU
		Release|Any CPU = Release|Any CPU
	EndGlobalSection
	GlobalSection(ProjectConfigurationPlatforms) = postSolution
		{15817507-4AA9-47EF-A298-9FF56537001E}.Debug|Any CPU.ActiveCfg = Debug|Any CPU
		{15817507-4AA9-47EF-A298-9FF56537001E}.Debug|Any CPU.Build.0 = Debug|Any CPU
		{15817507-4AA9-47EF-A298-9FF56537001E}.Release|Any CPU.ActiveCfg = Release|Any CPU
		{15817507-4AA9-47EF-A298-9FF56537001E}.Release|Any CPU.Build.0 = Release|Any CPU
		{EBC3DA96-E155-4D42-8B2B-45AC3CB157EA}.Debug|Any CPU.ActiveCfg = Debug|Any CPU
		{EBC3DA96-E155-4D42-8B2B-45AC3CB157EA}.Debug|Any CPU.Build.0 = Debug|Any CPU
		{EBC3DA96-E155-4D42-8B2B-45AC3CB157EA}.Release|Any CPU.ActiveCfg = Release|Any CPU
		{EBC3DA96-E155-4D42-8B2B-45AC3CB157EA}.Release|Any CPU.Build.0 = Release|Any CPU
	EndGlobalSection
	GlobalSection(SolutionProperties) = preSolution
		HideSolutionNode = FALSE
	EndGlobalSection
	GlobalSection(ExtensibilityGlobals) = postSolution
		SolutionGuid = {D9C30CF5-58FF-4318-B747-ADCADB1A8087}
	EndGlobalSection
EndGlobal
